
Microsoft Visual Studio Solution File, Format Version 12.00
# Visual Studio Version 17
VisualStudioVersion = 17.8.34511.84
MinimumVisualStudioVersion = 10.0.40219.1
Project("{9A19103F-16F7-4668-BE54-9A1E7A4F7556}") = "ReactNetFrontEnd", "ReactNetFrontEnd.csproj", "{DF0F0D0D-CBBC-421E-9505-45EE86F1EFAD}"
EndProject
Global
	GlobalSection(SolutionConfigurationPlatforms) = preSolution
		Debug|Any CPU = Debug|Any CPU
		Release|Any CPU = Release|Any CPU
	EndGlobalSection
	GlobalSection(ProjectConfigurationPlatforms) = postSolution
		{DF0F0D0D-CBBC-421E-9505-45EE86F1EFAD}.Debug|Any CPU.ActiveCfg = Debug|Any CPU
		{DF0F0D0D-CBBC-421E-9505-45EE86F1EFAD}.Debug|Any CPU.Build.0 = Debug|Any CPU
		{DF0F0D0D-CBBC-421E-9505-45EE86F1EFAD}.Release|Any CPU.ActiveCfg = Release|Any CPU
		{DF0F0D0D-CBBC-421E-9505-45EE86F1EFAD}.Release|Any CPU.Build.0 = Release|Any CPU
	EndGlobalSection
	GlobalSection(SolutionProperties) = preSolution
		HideSolutionNode = FALSE
	EndGlobalSection
	GlobalSection(ExtensibilityGlobals) = postSolution
		SolutionGuid = {23E52535-9688-4638-9D72-C8D193A1DB80}
	EndGlobalSection
EndGlobal
